
Microsoft Visual Studio Solution File, Format Version 12.00
# Visual Studio Version 16
VisualStudioVersion = 16.0.30711.63
MinimumVisualStudioVersion = 10.0.40219.1
Project("{8BC9CEB8-8B4A-11D0-8D11-00A0C91BC942}") = "shrek_lang", "shrek_lang.vcxproj", "{339A0448-CAEE-40F1-A7CF-52CFADE2822B}"
EndProject
Global
	GlobalSection(SolutionConfigurationPlatforms) = preSolution
		Debug|x64 = Debug|x64
		Debug|x86 = Debug|x86
		Release|x64 = Release|x64
		Release|x86 = Release|x86
	EndGlobalSection
	GlobalSection(ProjectConfigurationPlatforms) = postSolution
		{339A0448-CAEE-40F1-A7CF-52CFADE2822B}.Debug|x64.ActiveCfg = Debug|x64
		{339A0448-CAEE-40F1-A7CF-52CFADE2822B}.Debug|x64.Build.0 = Debug|x64
		{339A0448-CAEE-40F1-A7CF-52CFADE2822B}.Debug|x86.ActiveCfg = Debug|Win32
		{339A0448-CAEE-40F1-A7CF-52CFADE2822B}.Debug|x86.Build.0 = Debug|Win32
		{339A0448-CAEE-40F1-A7CF-52CFADE2822B}.Release|x64.ActiveCfg = Release|x64
		{339A0448-CAEE-40F1-A7CF-52CFADE2822B}.Release|x64.Build.0 = Release|x64
		{339A0448-CAEE-40F1-A7CF-52CFADE2822B}.Release|x86.ActiveCfg = Release|Win32
		{339A0448-CAEE-40F1-A7CF-52CFADE2822B}.Release|x86.Build.0 = Release|Win32
	EndGlobalSection
	GlobalSection(SolutionProperties) = preSolution
		HideSolutionNode = FALSE
	EndGlobalSection
	GlobalSection(ExtensibilityGlobals) = postSolution
		SolutionGuid = {8137A8BE-882C-42F9-B5C1-5F6E511BA1EE}
	EndGlobalSection
EndGlobal
